
Microsoft Visual Studio Solution File, Format Version 12.00
# Visual Studio Version 17
VisualStudioVersion = 17.6.33620.401
MinimumVisualStudioVersion = 10.0.40219.1
Project("{FAE04EC0-301F-11D3-BF4B-00C04F79EFBC}") = "Hms", "Hms\Hms.csproj", "{8A7BF69A-7409-4C13-B5DB-466916C77B53}"
EndProject
Global
	GlobalSection(SolutionConfigurationPlatforms) = preSolution
		Debug|Any CPU = Debug|Any CPU
		Release|Any CPU = Release|Any CPU
	EndGlobalSection
	GlobalSection(ProjectConfigurationPlatforms) = postSolution
		{8A7BF69A-7409-4C13-B5DB-466916C77B53}.Debug|Any CPU.ActiveCfg = Debug|Any CPU
		{8A7BF69A-7409-4C13-B5DB-466916C77B53}.Debug|Any CPU.Build.0 = Debug|Any CPU
		{8A7BF69A-7409-4C13-B5DB-466916C77B53}.Release|Any CPU.ActiveCfg = Release|Any CPU
		{8A7BF69A-7409-4C13-B5DB-466916C77B53}.Release|Any CPU.Build.0 = Release|Any CPU
	EndGlobalSection
	GlobalSection(SolutionProperties) = preSolution
		HideSolutionNode = FALSE
	EndGlobalSection
	GlobalSection(ExtensibilityGlobals) = postSolution
		SolutionGuid = {1D79D08C-8460-4486-91BA-7DD18BCC816F}
	EndGlobalSection
EndGlobal
